# THIS IS AN AUTOGENERATED FILE. DO NOT EDIT THIS FILE DIRECTLY.
# yarn lockfile v1


acorn@^6.0.6:
  version "6.0.6"
  resolved "https://registry.yarnpkg.com/acorn/-/acorn-6.0.6.tgz#cd75181670d5b99bdb1b1c993941d3a239ab1f56"
  integrity sha512-5M3G/A4uBSMIlfJ+h9W125vJvPFH/zirISsW5qfxF5YzEvXJCtolLoQvM5yZft0DvMcUrPGKPOlgEu55I6iUtA==

commander@^2.19.0:
  version "2.19.0"
  resolved "https://registry.yarnpkg.com/commander/-/commander-2.19.0.tgz#f6198aa84e5b83c46054b94ddedbfed5ee9ff12a"
  integrity sha512-6tvAOO+D6OENvRAh524Dh9jcfKTYDQAqvqezbCW82xj5X0pSrcpxtvRKHLG0yBY6SD7PSDrJaj+0AiOcKVd1Xg==

is-buffer@^1.1.5:
  version "1.1.6"
  resolved "https://registry.yarnpkg.com/is-buffer/-/is-buffer-1.1.6.tgz#efaa2ea9daa0d7ab2ea13a97b2b8ad51fefbe8be"
  integrity sha512-NcdALwpXkTm5Zvvbk7owOUSvVvBKDgKP5/ewfXEznmQFfs4ZRmanOeKBTjRVjka3QFoN6XJ+9F3USqfHqTaU5w==

is-even@^1.0.0:
  version "1.0.0"
  resolved "https://registry.yarnpkg.com/is-even/-/is-even-1.0.0.tgz#76b5055fbad8d294a86b6a949015e1c97b717c06"
  integrity sha1-drUFX7rY0pSoa2qUkBXhyXtxfAY=
  dependencies:
    is-odd "^0.1.2"

is-number@^3.0.0:
  version "3.0.0"
  resolved "https://registry.yarnpkg.com/is-number/-/is-number-3.0.0.tgz#24fd6201a4782cf50561c810276afc7d12d71195"
  integrity sha1-JP1iAaR4LPUFYcgQJ2r8fRLXEZU=
  dependencies:
    kind-of "^3.0.2"

is-odd@^0.1.2:
  version "0.1.2"
  resolved "https://registry.yarnpkg.com/is-odd/-/is-odd-0.1.2.tgz#bc573b5ce371ef2aad6e6f49799b72bef13978a7"
  integrity sha1-vFc7XONx7yqtbm9JeZtyvvE5eKc=
  dependencies:
    is-number "^3.0.0"

kind-of@^3.0.2:
  version "3.2.2"
  resolved "https://registry.yarnpkg.com/kind-of/-/kind-of-3.2.2.tgz#31ea21a734bab9bbb0f32466d893aea51e4a3c64"
  integrity sha1-MeohpzS6ubuw8yRm2JOupR5KPGQ=
  dependencies:
    is-buffer "^1.1.5"
