# THIS IS AN AUTOGENERATED FILE. DO NOT EDIT THIS FILE DIRECTLY.
# yarn lockfile v1


acorn@^6.0.6:
  version "6.0.6"
  resolved "https://registry.yarnpkg.com/acorn/-/acorn-6.0.6.tgz#cd75181670d5b99bdb1b1c993941d3a239ab1f56"
  integrity sha512-5M3G/A4uBSMIlfJ+h9W125vJvPFH/zirISsW5qfxF5YzEvXJCtolLoQvM5yZft0DvMcUrPGKPOlgEu55I6iUtA==

commander@^2.19.0:
  version "2.19.0"
  resolved "https://registry.yarnpkg.com/commander/-/commander-2.19.0.tgz#f6198aa84e5b83c46054b94ddedbfed5ee9ff12a"
  integrity sha512-6tvAOO+D6OENvRAh524Dh9jcfKTYDQAqvqezbCW82xj5X0pSrcpxtvRKHLG0yBY6SD7PSDrJaj+0AiOcKVd1Xg==

prettier@^1.16.0:
  version "1.16.0"
  resolved "https://registry.yarnpkg.com/prettier/-/prettier-1.16.0.tgz#104dd25f5ee3d0c9d0a6ce4bb40ced8481d51219"
  integrity sha512-MCBCYeAuZfejUPdEpkleLWvpRBwLii/Sp5jQs0eb8Ul/drGIDjkL6tAU24tk6yCGf0KPV5rhPPPlczfBmN2pWQ==
