# THIS IS AN AUTOGENERATED FILE. DO NOT EDIT THIS FILE DIRECTLY.
# yarn lockfile v1


prettier@^1.16.0:
  version "1.16.0"
  resolved "https://registry.yarnpkg.com/prettier/-/prettier-1.16.0.tgz#104dd25f5ee3d0c9d0a6ce4bb40ced8481d51219"
  integrity sha512-MCBCYeAuZfejUPdEpkleLWvpRBwLii/Sp5jQs0eb8Ul/drGIDjkL6tAU24tk6yCGf0KPV5rhPPPlczfBmN2pWQ==
